
Microsoft Visual Studio Solution File, Format Version 12.00
# Visual Studio Version 17
VisualStudioVersion = 17.0.31919.166
MinimumVisualStudioVersion = 10.0.40219.1
Project("{9A19103F-16F7-4668-BE54-9A1E7A4F7556}") = "GlobalSharesAssignment", "GlobalSharesAssignment.csproj", "{D0D38939-3F3A-4D42-97E9-1E1256D43F83}"
EndProject
Project("{FAE04EC0-301F-11D3-BF4B-00C04F79EFBC}") = "GlobalSharesTestUnits", "..\GlobalSharesTestUnits\GlobalSharesTestUnits.csproj", "{C484839B-3E8E-47E2-A937-27258215FA5B}"
EndProject
Global
	GlobalSection(SolutionConfigurationPlatforms) = preSolution
		Debug|Any CPU = Debug|Any CPU
		Release|Any CPU = Release|Any CPU
	EndGlobalSection
	GlobalSection(ProjectConfigurationPlatforms) = postSolution
		{D0D38939-3F3A-4D42-97E9-1E1256D43F83}.Debug|Any CPU.ActiveCfg = Debug|Any CPU
		{D0D38939-3F3A-4D42-97E9-1E1256D43F83}.Debug|Any CPU.Build.0 = Debug|Any CPU
		{D0D38939-3F3A-4D42-97E9-1E1256D43F83}.Release|Any CPU.ActiveCfg = Release|Any CPU
		{D0D38939-3F3A-4D42-97E9-1E1256D43F83}.Release|Any CPU.Build.0 = Release|Any CPU
		{C484839B-3E8E-47E2-A937-27258215FA5B}.Debug|Any CPU.ActiveCfg = Debug|Any CPU
		{C484839B-3E8E-47E2-A937-27258215FA5B}.Debug|Any CPU.Build.0 = Debug|Any CPU
		{C484839B-3E8E-47E2-A937-27258215FA5B}.Release|Any CPU.ActiveCfg = Release|Any CPU
		{C484839B-3E8E-47E2-A937-27258215FA5B}.Release|Any CPU.Build.0 = Release|Any CPU
	EndGlobalSection
	GlobalSection(SolutionProperties) = preSolution
		HideSolutionNode = FALSE
	EndGlobalSection
	GlobalSection(ExtensibilityGlobals) = postSolution
		SolutionGuid = {756F95D7-7134-41B7-903E-34253979664F}
	EndGlobalSection
EndGlobal
